
Microsoft Visual Studio Solution File, Format Version 12.00
# Visual Studio Version 17
VisualStudioVersion = 17.5.002.0
MinimumVisualStudioVersion = 10.0.40219.1
Project("{2150E333-8FDC-42A3-9474-1A3956D46DE8}") = "Guided-project-branching-looping-CSharp-main", "Guided-project-branching-looping-CSharp-main", "{2772844D-B4E1-4650-982F-67AFD0465713}"
EndProject
Project("{2150E333-8FDC-42A3-9474-1A3956D46DE8}") = "GuidedProject", "GuidedProject", "{389F4B06-78CF-47F9-80A7-953F6C3B74FE}"
EndProject
Project("{9A19103F-16F7-4668-BE54-9A1E7A4F7556}") = "Final", "Guided-project-branching-looping-CSharp-main\GuidedProject\Final\Final.csproj", "{9B0C8583-7695-4043-8BB4-C02B0C3BAFA7}"
EndProject
Project("{9A19103F-16F7-4668-BE54-9A1E7A4F7556}") = "Starter", "Guided-project-branching-looping-CSharp-main\GuidedProject\Starter\Starter.csproj", "{11188193-5868-4F6D-A82A-7616F6E02E49}"
EndProject
Global
	GlobalSection(SolutionConfigurationPlatforms) = preSolution
		Debug|Any CPU = Debug|Any CPU
		Release|Any CPU = Release|Any CPU
	EndGlobalSection
	GlobalSection(ProjectConfigurationPlatforms) = postSolution
		{9B0C8583-7695-4043-8BB4-C02B0C3BAFA7}.Debug|Any CPU.ActiveCfg = Debug|Any CPU
		{9B0C8583-7695-4043-8BB4-C02B0C3BAFA7}.Debug|Any CPU.Build.0 = Debug|Any CPU
		{9B0C8583-7695-4043-8BB4-C02B0C3BAFA7}.Release|Any CPU.ActiveCfg = Release|Any CPU
		{9B0C8583-7695-4043-8BB4-C02B0C3BAFA7}.Release|Any CPU.Build.0 = Release|Any CPU
		{11188193-5868-4F6D-A82A-7616F6E02E49}.Debug|Any CPU.ActiveCfg = Debug|Any CPU
		{11188193-5868-4F6D-A82A-7616F6E02E49}.Debug|Any CPU.Build.0 = Debug|Any CPU
		{11188193-5868-4F6D-A82A-7616F6E02E49}.Release|Any CPU.ActiveCfg = Release|Any CPU
		{11188193-5868-4F6D-A82A-7616F6E02E49}.Release|Any CPU.Build.0 = Release|Any CPU
	EndGlobalSection
	GlobalSection(SolutionProperties) = preSolution
		HideSolutionNode = FALSE
	EndGlobalSection
	GlobalSection(NestedProjects) = preSolution
		{389F4B06-78CF-47F9-80A7-953F6C3B74FE} = {2772844D-B4E1-4650-982F-67AFD0465713}
		{9B0C8583-7695-4043-8BB4-C02B0C3BAFA7} = {389F4B06-78CF-47F9-80A7-953F6C3B74FE}
		{11188193-5868-4F6D-A82A-7616F6E02E49} = {389F4B06-78CF-47F9-80A7-953F6C3B74FE}
	EndGlobalSection
	GlobalSection(ExtensibilityGlobals) = postSolution
		SolutionGuid = {3D93088E-D6BF-45A2-BA2B-D6FE57B6E267}
	EndGlobalSection
EndGlobal
